PODS:
  - Alamofire (5.6.4)
  - Flutter (1.0.0)
  - flutter_osm_plugin (0.0.1):
    - Alamofire
    - Flutter
    - Polyline
    - Tangram-es
  - permission_handler_apple (9.0.4):
    - Flutter
  - Polyline (5.1.0)
  - Tangram-es (0.17.1)
  - url_launcher_ios (0.0.1):
    - Flutter
  - webview_flutter_wkwebview (0.0.1):
    - Flutter

DEPENDENCIES:
  - Flutter (from `Flutter`)
  - flutter_osm_plugin (from `.symlinks/plugins/flutter_osm_plugin/ios`)
  - permission_handler_apple (from `.symlinks/plugins/permission_handler_apple/ios`)
  - url_launcher_ios (from `.symlinks/plugins/url_launcher_ios/ios`)
  - webview_flutter_wkwebview (from `.symlinks/plugins/webview_flutter_wkwebview/ios`)

SPEC REPOS:
  trunk:
    - Alamofire
    - Polyline
    - Tangram-es

EXTERNAL SOURCES:
  Flutter:
    :path: Flutter
  flutter_osm_plugin:
    :path: ".symlinks/plugins/flutter_osm_plugin/ios"
  permission_handler_apple:
    :path: ".symlinks/plugins/permission_handler_apple/ios"
  url_launcher_ios:
    :path: ".symlinks/plugins/url_launcher_ios/ios"
  webview_flutter_wkwebview:
    :path: ".symlinks/plugins/webview_flutter_wkwebview/ios"

SPEC CHECKSUMS:
  Alamofire: 4e95d97098eacb88856099c4fc79b526a299e48c
  Flutter: f04841e97a9d0b0a8025694d0796dd46242b2854
  flutter_osm_plugin: f06ae1e854af57270c61ae27bdb8a386cfd4afa5
  permission_handler_apple: 44366e37eaf29454a1e7b1b7d736c2cceaeb17ce
  Polyline: 2a1f29f87f8d9b7de868940f4f76deb8c678a5b1
  Tangram-es: 628b634f7fc09d2217469b9914de00d9de49ff9d
  url_launcher_ios: ae1517e5e344f5544fb090b079e11f399dfbe4d2
  webview_flutter_wkwebview: d08f59cde5e8402c345c0bdda35ac0031352dcae

PODFILE CHECKSUM: d1b26430ff05321bcd5223a8851bdc4bf9186964

COCOAPODS: 1.11.3
